PODS:
  - FDFullscreenPopGesture (1.1)
  - FLEX (2.4.0)
  - KMCGeigerCounter (0.2.2)
  - Masonry (1.1.0)
  - ReactiveCocoa (2.5):
    - ReactiveCocoa/UI (= 2.5)
  - ReactiveCocoa/Core (2.5):
    - ReactiveCocoa/no-arc
  - ReactiveCocoa/no-arc (2.5)
  - ReactiveCocoa/UI (2.5):
    - ReactiveCocoa/Core
  - SnapKit (3.2.0)
  - WtCore (0.4.2):
    - WtCore/Core (= 0.4.2)
    - WtCore/DebugTools (= 0.4.2)
    - WtCore/Observer (= 0.4.2)
    - WtCore/ThunderWeb (= 0.4.2)
    - WtCore/UI (= 0.4.2)
    - WtCore/UI-Swift (= 0.4.2)
  - WtCore/Core (0.4.2):
    - ReactiveCocoa (~> 2.5)
  - WtCore/DebugTools (0.4.2):
    - FLEX
    - KMCGeigerCounter
    - Masonry
    - ReactiveCocoa (~> 2.5)
    - WtCore/UI
  - WtCore/Observer (0.4.2):
    - WtCore/Core
  - WtCore/ThunderWeb (0.4.2):
    - ReactiveCocoa (~> 2.5)
    - WtCore/Observer
    - WtCore/UI
  - WtCore/UI (0.4.2):
    - FDFullscreenPopGesture
    - WtCore/Core
  - WtCore/UI-Swift (0.4.2):
    - SnapKit (~> 3.2.0)

DEPENDENCIES:
  - WtCore (from `../`)

EXTERNAL SOURCES:
  WtCore:
    :path: ../

SPEC CHECKSUMS:
  FDFullscreenPopGesture: a8a620179e3d9c40e8e00256dcee1c1a27c6d0f0
  FLEX: bd1a39e55b56bb413b6f1b34b3c10a0dc44ef079
  KMCGeigerCounter: f8cc3c4aa19fc6f8cec168fb03b364b84c118a7a
  Masonry: 678fab65091a9290e40e2832a55e7ab731aad201
  ReactiveCocoa: e2db045570aa97c695e7aa97c2bcab222ae51f4a
  SnapKit: 1ca44df72cfa543218d177cb8aab029d10d86ea7
  WtCore: 1cc847242e3f189feed3b3b1c8ba1c85382a0d1f

PODFILE CHECKSUM: 9e00cc650dbb17f845ef0cf29b0f273e787ac9fe

COCOAPODS: 1.3.1
