PODS:
  - FDFullscreenPopGesture (1.1)
  - KMCGeigerCounter (0.3.0)
  - Masonry (1.1.0)
  - WtCore (0.6.0):
    - WtCore/Core (= 0.6.0)
    - WtCore/DebugTools (= 0.6.0)
    - WtCore/Observer (= 0.6.0)
    - WtCore/Safety (= 0.6.0)
    - WtCore/ThunderWeb (= 0.6.0)
    - WtCore/UI (= 0.6.0)
  - WtCore/Core (0.6.0)
  - WtCore/DebugTools (0.6.0):
    - KMCGeigerCounter
    - Masonry
    - WtCore/UI
  - WtCore/Observer (0.6.0):
    - WtCore/Core
  - WtCore/Safety (0.6.0):
    - WtCore/Core
  - WtCore/ThunderWeb (0.6.0):
    - WtCore/Observer
    - WtCore/UI
  - WtCore/UI (0.6.0):
    - FDFullscreenPopGesture
    - Masonry
    - WtCore/Core

DEPENDENCIES:
  - WtCore (from `../`)

SPEC REPOS:
  https://github.com/CocoaPods/Specs.git:
    - FDFullscreenPopGesture
    - KMCGeigerCounter
    - Masonry

EXTERNAL SOURCES:
  WtCore:
    :path: "../"

SPEC CHECKSUMS:
  FDFullscreenPopGesture: a8a620179e3d9c40e8e00256dcee1c1a27c6d0f0
  KMCGeigerCounter: a06cfeed4a96e8f9a49028abb3ba7e53604d3219
  Masonry: 678fab65091a9290e40e2832a55e7ab731aad201
  WtCore: 6c3239c937463eaaad2418e8237f7258737077c1

PODFILE CHECKSUM: f14c47536dfdce2eb7cf887a65d5c7ca32ab9b1d

COCOAPODS: 1.11.3
