// !$*UTF8*$!
{
	archiveVersion = 1;
	classes = {
	};
	objectVersion = 46;
	objects = {

/* Begin PBXBuildFile section */
		0B814AD3204D2F3F009641C7 /* WtDemoHUDViewController.m in Sources */ = {isa = PBXBuildFile; fileRef = 0B814AD1204D2F3F009641C7 /* WtDemoHUDViewController.m */; };
		0B814AD4204D2F3F009641C7 /* WtDemoHUDViewController.xib in Resources */ = {isa = PBXBuildFile; fileRef = 0B814AD2204D2F3F009641C7 /* WtDemoHUDViewController.xib */; };
		0BFC9FED2014751D0060F565 /* WtDemoAdditionalView.m in Sources */ = {isa = PBXBuildFile; fileRef = 0BFC9FEC2014751D0060F565 /* WtDemoAdditionalView.m */; };
		0BFC9FEF201477DC0060F565 /* WtDemoAdditionalViewCell.xib in Resources */ = {isa = PBXBuildFile; fileRef = 0BFC9FEE201477DC0060F565 /* WtDemoAdditionalViewCell.xib */; };
		0BFC9FF5201478650060F565 /* WtDemoAdditionalViewGlue.m in Sources */ = {isa = PBXBuildFile; fileRef = 0BFC9FF4201478650060F565 /* WtDemoAdditionalViewGlue.m */; };
		0BFD019A1FE3E04F00BFE94A /* WtDemoCellGlueSwift.swift in Sources */ = {isa = PBXBuildFile; fileRef = 0BFD01991FE3E04F00BFE94A /* WtDemoCellGlueSwift.swift */; };
		0BFD019D1FE3E09400BFE94A /* WtDemoViewGlueController.swift in Sources */ = {isa = PBXBuildFile; fileRef = 0BFD019B1FE3E09400BFE94A /* WtDemoViewGlueController.swift */; };
		0BFD019E1FE3E09400BFE94A /* WtDemoViewGlueController.xib in Resources */ = {isa = PBXBuildFile; fileRef = 0BFD019C1FE3E09400BFE94A /* WtDemoViewGlueController.xib */; };
		1F5EC48F8CEF60A4CCAB43BF /* Pods_WtCore_Tests.framework in Frameworks */ = {isa = PBXBuildFile; fileRef = 67C0DAB7E3A10EF54C860393 /* Pods_WtCore_Tests.framework */; };
		4F3A6E972202F3DD00388533 /* WtDebugToolsTest.m in Sources */ = {isa = PBXBuildFile; fileRef = 4F3A6E962202F3DD00388533 /* WtDebugToolsTest.m */; };
		4FE077C8212AB0C900B5D518 /* WtUIViewTests.m in Sources */ = {isa = PBXBuildFile; fileRef = 4FE077C7212AB0C900B5D518 /* WtUIViewTests.m */; };
		6003F58E195388D20070C39A /* Foundation.framework in Frameworks */ = {isa = PBXBuildFile; fileRef = 6003F58D195388D20070C39A /* Foundation.framework */; };
		6003F590195388D20070C39A /* CoreGraphics.framework in Frameworks */ = {isa = PBXBuildFile; fileRef = 6003F58F195388D20070C39A /* CoreGraphics.framework */; };
		6003F592195388D20070C39A /* UIKit.framework in Frameworks */ = {isa = PBXBuildFile; fileRef = 6003F591195388D20070C39A /* UIKit.framework */; };
		6003F598195388D20070C39A /* InfoPlist.strings in Resources */ = {isa = PBXBuildFile; fileRef = 6003F596195388D20070C39A /* InfoPlist.strings */; };
		6003F59A195388D20070C39A /* main.m in Sources */ = {isa = PBXBuildFile; fileRef = 6003F599195388D20070C39A /* main.m */; };
		6003F59E195388D20070C39A /* WtAppDelegate.m in Sources */ = {isa = PBXBuildFile; fileRef = 6003F59D195388D20070C39A /* WtAppDelegate.m */; };
		6003F5A7195388D20070C39A /* WtViewController.m in Sources */ = {isa = PBXBuildFile; fileRef = 6003F5A6195388D20070C39A /* WtViewController.m */; };
		6003F5A9195388D20070C39A /* Images.xcassets in Resources */ = {isa = PBXBuildFile; fileRef = 6003F5A8195388D20070C39A /* Images.xcassets */; };
		6003F5B0195388D20070C39A /* XCTest.framework in Frameworks */ = {isa = PBXBuildFile; fileRef = 6003F5AF195388D20070C39A /* XCTest.framework */; };
		6003F5B1195388D20070C39A /* Foundation.framework in Frameworks */ = {isa = PBXBuildFile; fileRef = 6003F58D195388D20070C39A /* Foundation.framework */; };
		6003F5B2195388D20070C39A /* UIKit.framework in Frameworks */ = {isa = PBXBuildFile; fileRef = 6003F591195388D20070C39A /* UIKit.framework */; };
		6003F5BA195388D20070C39A /* InfoPlist.strings in Resources */ = {isa = PBXBuildFile; fileRef = 6003F5B8195388D20070C39A /* InfoPlist.strings */; };
		6D545D31A1F215F2AEA0D469 /* Pods_WtCore_Example.framework in Frameworks */ = {isa = PBXBuildFile; fileRef = 7487ABAC0D62295FE57BDEF3 /* Pods_WtCore_Example.framework */; };
		71719F9F1E33DC2100824A3D /* LaunchScreen.storyboard in Resources */ = {isa = PBXBuildFile; fileRef = 71719F9D1E33DC2100824A3D /* LaunchScreen.storyboard */; };
		873B8AEB1B1F5CCA007FD442 /* Main.storyboard in Resources */ = {isa = PBXBuildFile; fileRef = 873B8AEA1B1F5CCA007FD442 /* Main.storyboard */; };
		B00234A8212B1464005D332C /* WtKVOTests.m in Sources */ = {isa = PBXBuildFile; fileRef = B00234A7212B1464005D332C /* WtKVOTests.m */; };
		B03719F223E9917B00925F4C /* WtTimerTests.m in Sources */ = {isa = PBXBuildFile; fileRef = B03719F123E9917B00925F4C /* WtTimerTests.m */; settings = {COMPILER_FLAGS = "-fno-objc-arc"; }; };
		B0371F3F23F52C6800925F4C /* NSURL+WtExtension.m in Sources */ = {isa = PBXBuildFile; fileRef = B0371F3E23F52C6800925F4C /* NSURL+WtExtension.m */; };
		B05A212A1F59026100FBB990 /* WtDemoCellGlue.m in Sources */ = {isa = PBXBuildFile; fileRef = B05A21291F59026100FBB990 /* WtDemoCellGlue.m */; };
		B05A21331F5909AC00FBB990 /* WtDemoDelegateProxyViewController.m in Sources */ = {isa = PBXBuildFile; fileRef = B05A21311F5909AC00FBB990 /* WtDemoDelegateProxyViewController.m */; };
		B05A21341F5909AC00FBB990 /* WtDemoDelegateProxyViewController.xib in Resources */ = {isa = PBXBuildFile; fileRef = B05A21321F5909AC00FBB990 /* WtDemoDelegateProxyViewController.xib */; };
		B05A21381F59313900FBB990 /* WtDemoObserverViewController.m in Sources */ = {isa = PBXBuildFile; fileRef = B05A21361F59313900FBB990 /* WtDemoObserverViewController.m */; };
		B05A21391F59313900FBB990 /* WtDemoObserverViewController.xib in Resources */ = {isa = PBXBuildFile; fileRef = B05A21371F59313900FBB990 /* WtDemoObserverViewController.xib */; };
		B05A213D1F594AD800FBB990 /* WtDemoThunderWebViewController.m in Sources */ = {isa = PBXBuildFile; fileRef = B05A213B1F594AD800FBB990 /* WtDemoThunderWebViewController.m */; };
		B05A213E1F594AD800FBB990 /* WtDemoThunderWebViewController.xib in Resources */ = {isa = PBXBuildFile; fileRef = B05A213C1F594AD800FBB990 /* WtDemoThunderWebViewController.xib */; };
		B05A21411F594B6D00FBB990 /* WtDemoWebViewController.m in Sources */ = {isa = PBXBuildFile; fileRef = B05A21401F594B6D00FBB990 /* WtDemoWebViewController.m */; };
		B05A21431F594BBF00FBB990 /* WtDemoWebViewController.xib in Resources */ = {isa = PBXBuildFile; fileRef = B05A21421F594BBF00FBB990 /* WtDemoWebViewController.xib */; };
		B05A21471F5E8CE400FBB990 /* WtDemoCoreViewController.m in Sources */ = {isa = PBXBuildFile; fileRef = B05A21451F5E8CE400FBB990 /* WtDemoCoreViewController.m */; };
		B05A21481F5E8CE400FBB990 /* WtDemoCoreViewController.xib in Resources */ = {isa = PBXBuildFile; fileRef = B05A21461F5E8CE400FBB990 /* WtDemoCoreViewController.xib */; };
		B0721D2C1F67ADC800F71E94 /* WtDemoWattpadViewController.swift in Sources */ = {isa = PBXBuildFile; fileRef = B0721D2B1F67ADC800F71E94 /* WtDemoWattpadViewController.swift */; };
		B0721D2E1F67AEA100F71E94 /* WtDemoWattpadViewController.xib in Resources */ = {isa = PBXBuildFile; fileRef = B0721D2D1F67AEA100F71E94 /* WtDemoWattpadViewController.xib */; };
		B093C9972010F17300EFB719 /* WtDemoUICutterGlue.m in Sources */ = {isa = PBXBuildFile; fileRef = B093C9962010F17300EFB719 /* WtDemoUICutterGlue.m */; };
		B093C99F2014317300EFB719 /* WtDemoUIViewController.m in Sources */ = {isa = PBXBuildFile; fileRef = B093C9992014317300EFB719 /* WtDemoUIViewController.m */; };
		B093C9A02014317300EFB719 /* WtDemoUIViewController.xib in Resources */ = {isa = PBXBuildFile; fileRef = B093C99B2014317300EFB719 /* WtDemoUIViewController.xib */; };
		B093C9A12014317300EFB719 /* WtDemoUICutterViewController.m in Sources */ = {isa = PBXBuildFile; fileRef = B093C99C2014317300EFB719 /* WtDemoUICutterViewController.m */; };
		B093C9A22014317300EFB719 /* WtDemoUICutterViewController.xib in Resources */ = {isa = PBXBuildFile; fileRef = B093C99E2014317300EFB719 /* WtDemoUICutterViewController.xib */; };
		B0E0828420C3D0E70018B876 /* WtDemoTouchableViewController.m in Sources */ = {isa = PBXBuildFile; fileRef = B0E0828220C3D0E70018B876 /* WtDemoTouchableViewController.m */; };
		B0E0828520C3D0E70018B876 /* WtDemoTouchableViewController.xib in Resources */ = {isa = PBXBuildFile; fileRef = B0E0828320C3D0E70018B876 /* WtDemoTouchableViewController.xib */; };
		B0E5B0672129783F0052A6E0 /* WtNSUserDefaultsTests.m in Sources */ = {isa = PBXBuildFile; fileRef = B0E5B0662129783F0052A6E0 /* WtNSUserDefaultsTests.m */; };
/* End PBXBuildFile section */

/* Begin PBXContainerItemProxy section */
		6003F5B3195388D20070C39A /* PBXContainerItemProxy */ = {
			isa = PBXContainerItemProxy;
			containerPortal = 6003F582195388D10070C39A /* Project object */;
			proxyType = 1;
			remoteGlobalIDString = 6003F589195388D20070C39A;
			remoteInfo = WtCore;
		};
/* End PBXContainerItemProxy section */

/* Begin PBXFileReference section */
		0B61677A5699DD22653A7411 /* WtCore.podspec */ = {isa = PBXFileReference; includeInIndex = 1; lastKnownFileType = text; name = WtCore.podspec; path = ../WtCore.podspec; sourceTree = "<group>"; xcLanguageSpecificationIdentifier = xcode.lang.ruby; };
		0B814AD0204D2F3F009641C7 /* WtDemoHUDViewController.h */ = {isa = PBXFileReference; lastKnownFileType = sourcecode.c.h; path = WtDemoHUDViewController.h; sourceTree = "<group>"; };
		0B814AD1204D2F3F009641C7 /* WtDemoHUDViewController.m */ = {isa = PBXFileReference; lastKnownFileType = sourcecode.c.objc; path = WtDemoHUDViewController.m; sourceTree = "<group>"; };
		0B814AD2204D2F3F009641C7 /* WtDemoHUDViewController.xib */ = {isa = PBXFileReference; lastKnownFileType = file.xib; path = WtDemoHUDViewController.xib; sourceTree = "<group>"; };
		0BFC9FEB2014751D0060F565 /* WtDemoAdditionalView.h */ = {isa = PBXFileReference; lastKnownFileType = sourcecode.c.h; path = WtDemoAdditionalView.h; sourceTree = "<group>"; };
		0BFC9FEC2014751D0060F565 /* WtDemoAdditionalView.m */ = {isa = PBXFileReference; lastKnownFileType = sourcecode.c.objc; path = WtDemoAdditionalView.m; sourceTree = "<group>"; };
		0BFC9FEE201477DC0060F565 /* WtDemoAdditionalViewCell.xib */ = {isa = PBXFileReference; lastKnownFileType = file.xib; path = WtDemoAdditionalViewCell.xib; sourceTree = "<group>"; };
		0BFC9FF3201478650060F565 /* WtDemoAdditionalViewGlue.h */ = {isa = PBXFileReference; lastKnownFileType = sourcecode.c.h; path = WtDemoAdditionalViewGlue.h; sourceTree = "<group>"; };
		0BFC9FF4201478650060F565 /* WtDemoAdditionalViewGlue.m */ = {isa = PBXFileReference; lastKnownFileType = sourcecode.c.objc; path = WtDemoAdditionalViewGlue.m; sourceTree = "<group>"; };
		0BFD01991FE3E04F00BFE94A /* WtDemoCellGlueSwift.swift */ = {isa = PBXFileReference; lastKnownFileType = sourcecode.swift; path = WtDemoCellGlueSwift.swift; sourceTree = "<group>"; };
		0BFD019B1FE3E09400BFE94A /* WtDemoViewGlueController.swift */ = {isa = PBXFileReference; fileEncoding = 4; lastKnownFileType = sourcecode.swift; path = WtDemoViewGlueController.swift; sourceTree = "<group>"; };
		0BFD019C1FE3E09400BFE94A /* WtDemoViewGlueController.xib */ = {isa = PBXFileReference; fileEncoding = 4; lastKnownFileType = file.xib; path = WtDemoViewGlueController.xib; sourceTree = "<group>"; };
		115A024F700DC453378A560E /* Pods-WtCore_Example.release.xcconfig */ = {isa = PBXFileReference; includeInIndex = 1; lastKnownFileType = text.xcconfig; name = "Pods-WtCore_Example.release.xcconfig"; path = "Pods/Target Support Files/Pods-WtCore_Example/Pods-WtCore_Example.release.xcconfig"; sourceTree = "<group>"; };
		1C601573115B055ACD7EA5F4 /* Pods-WtCore_Tests.debug.xcconfig */ = {isa = PBXFileReference; includeInIndex = 1; lastKnownFileType = text.xcconfig; name = "Pods-WtCore_Tests.debug.xcconfig"; path = "Pods/Target Support Files/Pods-WtCore_Tests/Pods-WtCore_Tests.debug.xcconfig"; sourceTree = "<group>"; };
		1E2EF47D9C14C8A2185F99EB /* Pods-WtCore_Example.debug.xcconfig */ = {isa = PBXFileReference; includeInIndex = 1; lastKnownFileType = text.xcconfig; name = "Pods-WtCore_Example.debug.xcconfig"; path = "Pods/Target Support Files/Pods-WtCore_Example/Pods-WtCore_Example.debug.xcconfig"; sourceTree = "<group>"; };
		3D226771933FE0B24C9098EB /* LICENSE */ = {isa = PBXFileReference; includeInIndex = 1; lastKnownFileType = text; name = LICENSE; path = ../LICENSE; sourceTree = "<group>"; };
		4F3A6E962202F3DD00388533 /* WtDebugToolsTest.m */ = {isa = PBXFileReference; lastKnownFileType = sourcecode.c.objc; path = WtDebugToolsTest.m; sourceTree = "<group>"; };
		4FE077C7212AB0C900B5D518 /* WtUIViewTests.m */ = {isa = PBXFileReference; lastKnownFileType = sourcecode.c.objc; path = WtUIViewTests.m; sourceTree = "<group>"; };
		6003F58A195388D20070C39A /* WtCore_Example.app */ = {isa = PBXFileReference; explicitFileType = wrapper.application; includeInIndex = 0; path = WtCore_Example.app; sourceTree = BUILT_PRODUCTS_DIR; };
		6003F58D195388D20070C39A /* Foundation.framework */ = {isa = PBXFileReference; lastKnownFileType = wrapper.framework; name = Foundation.framework; path = System/Library/Frameworks/Foundation.framework; sourceTree = SDKROOT; };
		6003F58F195388D20070C39A /* CoreGraphics.framework */ = {isa = PBXFileReference; lastKnownFileType = wrapper.framework; name = CoreGraphics.framework; path = System/Library/Frameworks/CoreGraphics.framework; sourceTree = SDKROOT; };
		6003F591195388D20070C39A /* UIKit.framework */ = {isa = PBXFileReference; lastKnownFileType = wrapper.framework; name = UIKit.framework; path = System/Library/Frameworks/UIKit.framework; sourceTree = SDKROOT; };
		6003F595195388D20070C39A /* WtCore-Info.plist */ = {isa = PBXFileReference; lastKnownFileType = text.plist.xml; path = "WtCore-Info.plist"; sourceTree = "<group>"; };
		6003F597195388D20070C39A /* en */ = {isa = PBXFileReference; lastKnownFileType = text.plist.strings; name = en; path = en.lproj/InfoPlist.strings; sourceTree = "<group>"; };
		6003F599195388D20070C39A /* main.m */ = {isa = PBXFileReference; lastKnownFileType = sourcecode.c.objc; path = main.m; sourceTree = "<group>"; };
		6003F59B195388D20070C39A /* WtCore-Prefix.pch */ = {isa = PBXFileReference; lastKnownFileType = sourcecode.c.h; path = "WtCore-Prefix.pch"; sourceTree = "<group>"; };
		6003F59C195388D20070C39A /* WtAppDelegate.h */ = {isa = PBXFileReference; lastKnownFileType = sourcecode.c.h; path = WtAppDelegate.h; sourceTree = "<group>"; };
		6003F59D195388D20070C39A /* WtAppDelegate.m */ = {isa = PBXFileReference; lastKnownFileType = sourcecode.c.objc; path = WtAppDelegate.m; sourceTree = "<group>"; };
		6003F5A5195388D20070C39A /* WtViewController.h */ = {isa = PBXFileReference; lastKnownFileType = sourcecode.c.h; path = WtViewController.h; sourceTree = "<group>"; };
		6003F5A6195388D20070C39A /* WtViewController.m */ = {isa = PBXFileReference; lastKnownFileType = sourcecode.c.objc; path = WtViewController.m; sourceTree = "<group>"; };
		6003F5A8195388D20070C39A /* Images.xcassets */ = {isa = PBXFileReference; lastKnownFileType = folder.assetcatalog; path = Images.xcassets; sourceTree = "<group>"; };
		6003F5AE195388D20070C39A /* WtCore_Tests.xctest */ = {isa = PBXFileReference; explicitFileType = wrapper.cfbundle; includeInIndex = 0; path = WtCore_Tests.xctest; sourceTree = BUILT_PRODUCTS_DIR; };
		6003F5AF195388D20070C39A /* XCTest.framework */ = {isa = PBXFileReference; lastKnownFileType = wrapper.framework; name = XCTest.framework; path = Library/Frameworks/XCTest.framework; sourceTree = DEVELOPER_DIR; };
		6003F5B7195388D20070C39A /* Tests-Info.plist */ = {isa = PBXFileReference; lastKnownFileType = text.plist.xml; path = "Tests-Info.plist"; sourceTree = "<group>"; };
		6003F5B9195388D20070C39A /* en */ = {isa = PBXFileReference; lastKnownFileType = text.plist.strings; name = en; path = en.lproj/InfoPlist.strings; sourceTree = "<group>"; };
		606FC2411953D9B200FFA9A0 /* Tests-Prefix.pch */ = {isa = PBXFileReference; lastKnownFileType = sourcecode.c.h; path = "Tests-Prefix.pch"; sourceTree = "<group>"; };
		67C0DAB7E3A10EF54C860393 /* Pods_WtCore_Tests.framework */ = {isa = PBXFileReference; explicitFileType = wrapper.framework; includeInIndex = 0; path = Pods_WtCore_Tests.framework; sourceTree = BUILT_PRODUCTS_DIR; };
		71719F9E1E33DC2100824A3D /* Base */ = {isa = PBXFileReference; lastKnownFileType = file.storyboard; name = Base; path = Base.lproj/LaunchScreen.storyboard; sourceTree = "<group>"; };
		7487ABAC0D62295FE57BDEF3 /* Pods_WtCore_Example.framework */ = {isa = PBXFileReference; explicitFileType = wrapper.framework; includeInIndex = 0; path = Pods_WtCore_Example.framework; sourceTree = BUILT_PRODUCTS_DIR; };
		873B8AEA1B1F5CCA007FD442 /* Main.storyboard */ = {isa = PBXFileReference; fileEncoding = 4; lastKnownFileType = file.storyboard; name = Main.storyboard; path = Base.lproj/Main.storyboard; sourceTree = "<group>"; };
		B00234A7212B1464005D332C /* WtKVOTests.m */ = {isa = PBXFileReference; lastKnownFileType = sourcecode.c.objc; path = WtKVOTests.m; sourceTree = "<group>"; };
		B03719F123E9917B00925F4C /* WtTimerTests.m */ = {isa = PBXFileReference; lastKnownFileType = sourcecode.c.objc; path = WtTimerTests.m; sourceTree = "<group>"; };
		B0371F3E23F52C6800925F4C /* NSURL+WtExtension.m */ = {isa = PBXFileReference; lastKnownFileType = sourcecode.c.objc; path = "NSURL+WtExtension.m"; sourceTree = "<group>"; };
		B05A21281F59026100FBB990 /* WtDemoCellGlue.h */ = {isa = PBXFileReference; fileEncoding = 4; lastKnownFileType = sourcecode.c.h; path = WtDemoCellGlue.h; sourceTree = "<group>"; };
		B05A21291F59026100FBB990 /* WtDemoCellGlue.m */ = {isa = PBXFileReference; fileEncoding = 4; lastKnownFileType = sourcecode.c.objc; path = WtDemoCellGlue.m; sourceTree = "<group>"; };
		B05A21301F5909AC00FBB990 /* WtDemoDelegateProxyViewController.h */ = {isa = PBXFileReference; fileEncoding = 4; lastKnownFileType = sourcecode.c.h; path = WtDemoDelegateProxyViewController.h; sourceTree = "<group>"; };
		B05A21311F5909AC00FBB990 /* WtDemoDelegateProxyViewController.m */ = {isa = PBXFileReference; fileEncoding = 4; lastKnownFileType = sourcecode.c.objc; path = WtDemoDelegateProxyViewController.m; sourceTree = "<group>"; };
		B05A21321F5909AC00FBB990 /* WtDemoDelegateProxyViewController.xib */ = {isa = PBXFileReference; fileEncoding = 4; lastKnownFileType = file.xib; path = WtDemoDelegateProxyViewController.xib; sourceTree = "<group>"; };
		B05A21351F59313900FBB990 /* WtDemoObserverViewController.h */ = {isa = PBXFileReference; fileEncoding = 4; lastKnownFileType = sourcecode.c.h; path = WtDemoObserverViewController.h; sourceTree = "<group>"; };
		B05A21361F59313900FBB990 /* WtDemoObserverViewController.m */ = {isa = PBXFileReference; fileEncoding = 4; lastKnownFileType = sourcecode.c.objc; path = WtDemoObserverViewController.m; sourceTree = "<group>"; };
		B05A21371F59313900FBB990 /* WtDemoObserverViewController.xib */ = {isa = PBXFileReference; fileEncoding = 4; lastKnownFileType = file.xib; path = WtDemoObserverViewController.xib; sourceTree = "<group>"; };
		B05A213A1F594AD800FBB990 /* WtDemoThunderWebViewController.h */ = {isa = PBXFileReference; fileEncoding = 4; lastKnownFileType = sourcecode.c.h; path = WtDemoThunderWebViewController.h; sourceTree = "<group>"; };
		B05A213B1F594AD800FBB990 /* WtDemoThunderWebViewController.m */ = {isa = PBXFileReference; fileEncoding = 4; lastKnownFileType = sourcecode.c.objc; path = WtDemoThunderWebViewController.m; sourceTree = "<group>"; };
		B05A213C1F594AD800FBB990 /* WtDemoThunderWebViewController.xib */ = {isa = PBXFileReference; fileEncoding = 4; lastKnownFileType = file.xib; path = WtDemoThunderWebViewController.xib; sourceTree = "<group>"; };
		B05A213F1F594B6D00FBB990 /* WtDemoWebViewController.h */ = {isa = PBXFileReference; fileEncoding = 4; lastKnownFileType = sourcecode.c.h; path = WtDemoWebViewController.h; sourceTree = "<group>"; };
		B05A21401F594B6D00FBB990 /* WtDemoWebViewController.m */ = {isa = PBXFileReference; fileEncoding = 4; lastKnownFileType = sourcecode.c.objc; path = WtDemoWebViewController.m; sourceTree = "<group>"; };
		B05A21421F594BBF00FBB990 /* WtDemoWebViewController.xib */ = {isa = PBXFileReference; fileEncoding = 4; lastKnownFileType = file.xib; path = WtDemoWebViewController.xib; sourceTree = "<group>"; };
		B05A21441F5E8CE400FBB990 /* WtDemoCoreViewController.h */ = {isa = PBXFileReference; fileEncoding = 4; lastKnownFileType = sourcecode.c.h; path = WtDemoCoreViewController.h; sourceTree = "<group>"; };
		B05A21451F5E8CE400FBB990 /* WtDemoCoreViewController.m */ = {isa = PBXFileReference; fileEncoding = 4; lastKnownFileType = sourcecode.c.objc; path = WtDemoCoreViewController.m; sourceTree = "<group>"; };
		B05A21461F5E8CE400FBB990 /* WtDemoCoreViewController.xib */ = {isa = PBXFileReference; fileEncoding = 4; lastKnownFileType = file.xib; path = WtDemoCoreViewController.xib; sourceTree = "<group>"; };
		B0721D2A1F67ADC800F71E94 /* WtCore_Example-Bridging-Header.h */ = {isa = PBXFileReference; lastKnownFileType = sourcecode.c.h; path = "WtCore_Example-Bridging-Header.h"; sourceTree = "<group>"; };
		B0721D2B1F67ADC800F71E94 /* WtDemoWattpadViewController.swift */ = {isa = PBXFileReference; fileEncoding = 4; lastKnownFileType = sourcecode.swift; path = WtDemoWattpadViewController.swift; sourceTree = "<group>"; };
		B0721D2D1F67AEA100F71E94 /* WtDemoWattpadViewController.xib */ = {isa = PBXFileReference; fileEncoding = 4; lastKnownFileType = file.xib; path = WtDemoWattpadViewController.xib; sourceTree = "<group>"; };
		B093C9952010F17300EFB719 /* WtDemoUICutterGlue.h */ = {isa = PBXFileReference; lastKnownFileType = sourcecode.c.h; path = WtDemoUICutterGlue.h; sourceTree = "<group>"; };
		B093C9962010F17300EFB719 /* WtDemoUICutterGlue.m */ = {isa = PBXFileReference; lastKnownFileType = sourcecode.c.objc; path = WtDemoUICutterGlue.m; sourceTree = "<group>"; };
		B093C9992014317300EFB719 /* WtDemoUIViewController.m */ = {isa = PBXFileReference; fileEncoding = 4; lastKnownFileType = sourcecode.c.objc; path = WtDemoUIViewController.m; sourceTree = "<group>"; };
		B093C99A2014317300EFB719 /* WtDemoUICutterViewController.h */ = {isa = PBXFileReference; fileEncoding = 4; lastKnownFileType = sourcecode.c.h; path = WtDemoUICutterViewController.h; sourceTree = "<group>"; };
		B093C99B2014317300EFB719 /* WtDemoUIViewController.xib */ = {isa = PBXFileReference; fileEncoding = 4; lastKnownFileType = file.xib; path = WtDemoUIViewController.xib; sourceTree = "<group>"; };
		B093C99C2014317300EFB719 /* WtDemoUICutterViewController.m */ = {isa = PBXFileReference; fileEncoding = 4; lastKnownFileType = sourcecode.c.objc; path = WtDemoUICutterViewController.m; sourceTree = "<group>"; };
		B093C99D2014317300EFB719 /* WtDemoUIViewController.h */ = {isa = PBXFileReference; fileEncoding = 4; lastKnownFileType = sourcecode.c.h; path = WtDemoUIViewController.h; sourceTree = "<group>"; };
		B093C99E2014317300EFB719 /* WtDemoUICutterViewController.xib */ = {isa = PBXFileReference; fileEncoding = 4; lastKnownFileType = file.xib; path = WtDemoUICutterViewController.xib; sourceTree = "<group>"; };
		B0E0828120C3D0E70018B876 /* WtDemoTouchableViewController.h */ = {isa = PBXFileReference; lastKnownFileType = sourcecode.c.h; path = WtDemoTouchableViewController.h; sourceTree = "<group>"; };
		B0E0828220C3D0E70018B876 /* WtDemoTouchableViewController.m */ = {isa = PBXFileReference; lastKnownFileType = sourcecode.c.objc; path = WtDemoTouchableViewController.m; sourceTree = "<group>"; };
		B0E0828320C3D0E70018B876 /* WtDemoTouchableViewController.xib */ = {isa = PBXFileReference; lastKnownFileType = file.xib; path = WtDemoTouchableViewController.xib; sourceTree = "<group>"; };
		B0E5B0662129783F0052A6E0 /* WtNSUserDefaultsTests.m */ = {isa = PBXFileReference; lastKnownFileType = sourcecode.c.objc; path = WtNSUserDefaultsTests.m; sourceTree = "<group>"; };
		F0F2F4244F4B8DFAE6074F8E /* README.md */ = {isa = PBXFileReference; includeInIndex = 1; lastKnownFileType = net.daringfireball.markdown; name = README.md; path = ../README.md; sourceTree = "<group>"; };
		F8F45F305DAF92D6A023524A /* Pods-WtCore_Tests.release.xcconfig */ = {isa = PBXFileReference; includeInIndex = 1; lastKnownFileType = text.xcconfig; name = "Pods-WtCore_Tests.release.xcconfig"; path = "Pods/Target Support Files/Pods-WtCore_Tests/Pods-WtCore_Tests.release.xcconfig"; sourceTree = "<group>"; };
/* End PBXFileReference section */

/* Begin PBXFrameworksBuildPhase section */
		6003F587195388D20070C39A /* Frameworks */ = {
			isa = PBXFrameworksBuildPhase;
			buildActionMask = 2147483647;
			files = (
				6003F590195388D20070C39A /* CoreGraphics.framework in Frameworks */,
				6003F592195388D20070C39A /* UIKit.framework in Frameworks */,
				6003F58E195388D20070C39A /* Foundation.framework in Frameworks */,
				6D545D31A1F215F2AEA0D469 /* Pods_WtCore_Example.framework in Frameworks */,
			);
			runOnlyForDeploymentPostprocessing = 0;
		};
		6003F5AB195388D20070C39A /* Frameworks */ = {
			isa = PBXFrameworksBuildPhase;
			buildActionMask = 2147483647;
			files = (
				6003F5B0195388D20070C39A /* XCTest.framework in Frameworks */,
				6003F5B2195388D20070C39A /* UIKit.framework in Frameworks */,
				6003F5B1195388D20070C39A /* Foundation.framework in Frameworks */,
				1F5EC48F8CEF60A4CCAB43BF /* Pods_WtCore_Tests.framework in Frameworks */,
			);
			runOnlyForDeploymentPostprocessing = 0;
		};
/* End PBXFrameworksBuildPhase section */

/* Begin PBXGroup section */
		4F3A6E942202F3BF00388533 /* DebugTools */ = {
			isa = PBXGroup;
			children = (
				4F3A6E962202F3DD00388533 /* WtDebugToolsTest.m */,
			);
			path = DebugTools;
			sourceTree = "<group>";
		};
		6003F581195388D10070C39A = {
			isa = PBXGroup;
			children = (
				60FF7A9C1954A5C5007DD14C /* Podspec Metadata */,
				6003F593195388D20070C39A /* Example for WtCore */,
				6003F5B5195388D20070C39A /* Tests */,
				6003F58C195388D20070C39A /* Frameworks */,
				6003F58B195388D20070C39A /* Products */,
				D626093B707FCAE02FD112D0 /* Pods */,
			);
			indentWidth = 2;
			sourceTree = "<group>";
			tabWidth = 2;
		};
		6003F58B195388D20070C39A /* Products */ = {
			isa = PBXGroup;
			children = (
				6003F58A195388D20070C39A /* WtCore_Example.app */,
				6003F5AE195388D20070C39A /* WtCore_Tests.xctest */,
			);
			name = Products;
			sourceTree = "<group>";
		};
		6003F58C195388D20070C39A /* Frameworks */ = {
			isa = PBXGroup;
			children = (
				6003F58D195388D20070C39A /* Foundation.framework */,
				6003F58F195388D20070C39A /* CoreGraphics.framework */,
				6003F591195388D20070C39A /* UIKit.framework */,
				6003F5AF195388D20070C39A /* XCTest.framework */,
				7487ABAC0D62295FE57BDEF3 /* Pods_WtCore_Example.framework */,
				67C0DAB7E3A10EF54C860393 /* Pods_WtCore_Tests.framework */,
			);
			name = Frameworks;
			sourceTree = "<group>";
		};
		6003F593195388D20070C39A /* Example for WtCore */ = {
			isa = PBXGroup;
			children = (
				B05A21221F58FFA900FBB990 /* Classes */,
				6003F59C195388D20070C39A /* WtAppDelegate.h */,
				6003F59D195388D20070C39A /* WtAppDelegate.m */,
				873B8AEA1B1F5CCA007FD442 /* Main.storyboard */,
				6003F5A5195388D20070C39A /* WtViewController.h */,
				6003F5A6195388D20070C39A /* WtViewController.m */,
				71719F9D1E33DC2100824A3D /* LaunchScreen.storyboard */,
				6003F5A8195388D20070C39A /* Images.xcassets */,
				6003F594195388D20070C39A /* Supporting Files */,
			);
			name = "Example for WtCore";
			path = WtCore;
			sourceTree = "<group>";
		};
		6003F594195388D20070C39A /* Supporting Files */ = {
			isa = PBXGroup;
			children = (
				6003F595195388D20070C39A /* WtCore-Info.plist */,
				6003F596195388D20070C39A /* InfoPlist.strings */,
				6003F599195388D20070C39A /* main.m */,
				6003F59B195388D20070C39A /* WtCore-Prefix.pch */,
			);
			name = "Supporting Files";
			sourceTree = "<group>";
		};
		6003F5B5195388D20070C39A /* Tests */ = {
			isa = PBXGroup;
			children = (
				4F3A6E942202F3BF00388533 /* DebugTools */,
				B0E5B064212978300052A6E0 /* Core */,
				6003F5B6195388D20070C39A /* Supporting Files */,
			);
			path = Tests;
			sourceTree = "<group>";
		};
		6003F5B6195388D20070C39A /* Supporting Files */ = {
			isa = PBXGroup;
			children = (
				6003F5B7195388D20070C39A /* Tests-Info.plist */,
				6003F5B8195388D20070C39A /* InfoPlist.strings */,
				606FC2411953D9B200FFA9A0 /* Tests-Prefix.pch */,
			);
			name = "Supporting Files";
			sourceTree = "<group>";
		};
		60FF7A9C1954A5C5007DD14C /* Podspec Metadata */ = {
			isa = PBXGroup;
			children = (
				0B61677A5699DD22653A7411 /* WtCore.podspec */,
				F0F2F4244F4B8DFAE6074F8E /* README.md */,
				3D226771933FE0B24C9098EB /* LICENSE */,
			);
			name = "Podspec Metadata";
			sourceTree = "<group>";
		};
		B05A21221F58FFA900FBB990 /* Classes */ = {
			isa = PBXGroup;
			children = (
				B05A212F1F59098200FBB990 /* ViewControllers */,
				B05A21271F59022700FBB990 /* DemoCellModels */,
			);
			path = Classes;
			sourceTree = "<group>";
		};
		B05A21271F59022700FBB990 /* DemoCellModels */ = {
			isa = PBXGroup;
			children = (
				B05A21281F59026100FBB990 /* WtDemoCellGlue.h */,
				B05A21291F59026100FBB990 /* WtDemoCellGlue.m */,
				0BFD01991FE3E04F00BFE94A /* WtDemoCellGlueSwift.swift */,
				B093C9952010F17300EFB719 /* WtDemoUICutterGlue.h */,
				B093C9962010F17300EFB719 /* WtDemoUICutterGlue.m */,
			);
			path = DemoCellModels;
			sourceTree = "<group>";
		};
		B05A212F1F59098200FBB990 /* ViewControllers */ = {
			isa = PBXGroup;
			children = (
				B093C9982014317300EFB719 /* UI */,
				B05A21441F5E8CE400FBB990 /* WtDemoCoreViewController.h */,
				B05A21451F5E8CE400FBB990 /* WtDemoCoreViewController.m */,
				B05A21461F5E8CE400FBB990 /* WtDemoCoreViewController.xib */,
				B05A21301F5909AC00FBB990 /* WtDemoDelegateProxyViewController.h */,
				B05A21311F5909AC00FBB990 /* WtDemoDelegateProxyViewController.m */,
				B05A21321F5909AC00FBB990 /* WtDemoDelegateProxyViewController.xib */,
				B05A21351F59313900FBB990 /* WtDemoObserverViewController.h */,
				B05A21361F59313900FBB990 /* WtDemoObserverViewController.m */,
				B05A21371F59313900FBB990 /* WtDemoObserverViewController.xib */,
				B05A213A1F594AD800FBB990 /* WtDemoThunderWebViewController.h */,
				B05A213B1F594AD800FBB990 /* WtDemoThunderWebViewController.m */,
				B05A213C1F594AD800FBB990 /* WtDemoThunderWebViewController.xib */,
				B05A213F1F594B6D00FBB990 /* WtDemoWebViewController.h */,
				B05A21401F594B6D00FBB990 /* WtDemoWebViewController.m */,
				B05A21421F594BBF00FBB990 /* WtDemoWebViewController.xib */,
				B0721D2B1F67ADC800F71E94 /* WtDemoWattpadViewController.swift */,
				B0721D2D1F67AEA100F71E94 /* WtDemoWattpadViewController.xib */,
				0BFD019B1FE3E09400BFE94A /* WtDemoViewGlueController.swift */,
				0BFD019C1FE3E09400BFE94A /* WtDemoViewGlueController.xib */,
				B0721D2A1F67ADC800F71E94 /* WtCore_Example-Bridging-Header.h */,
			);
			path = ViewControllers;
			sourceTree = "<group>";
		};
		B093C9982014317300EFB719 /* UI */ = {
			isa = PBXGroup;
			children = (
				B093C99A2014317300EFB719 /* WtDemoUICutterViewController.h */,
				B093C99C2014317300EFB719 /* WtDemoUICutterViewController.m */,
				B093C99E2014317300EFB719 /* WtDemoUICutterViewController.xib */,
				B093C99D2014317300EFB719 /* WtDemoUIViewController.h */,
				B093C9992014317300EFB719 /* WtDemoUIViewController.m */,
				B093C99B2014317300EFB719 /* WtDemoUIViewController.xib */,
				0BFC9FEB2014751D0060F565 /* WtDemoAdditionalView.h */,
				0BFC9FEC2014751D0060F565 /* WtDemoAdditionalView.m */,
				0BFC9FF3201478650060F565 /* WtDemoAdditionalViewGlue.h */,
				0BFC9FF4201478650060F565 /* WtDemoAdditionalViewGlue.m */,
				0BFC9FEE201477DC0060F565 /* WtDemoAdditionalViewCell.xib */,
				0B814AD0204D2F3F009641C7 /* WtDemoHUDViewController.h */,
				0B814AD1204D2F3F009641C7 /* WtDemoHUDViewController.m */,
				0B814AD2204D2F3F009641C7 /* WtDemoHUDViewController.xib */,
				B0E0828120C3D0E70018B876 /* WtDemoTouchableViewController.h */,
				B0E0828220C3D0E70018B876 /* WtDemoTouchableViewController.m */,
				B0E0828320C3D0E70018B876 /* WtDemoTouchableViewController.xib */,
			);
			path = UI;
			sourceTree = "<group>";
		};
		B0E5B064212978300052A6E0 /* Core */ = {
			isa = PBXGroup;
			children = (
				B0E5B0662129783F0052A6E0 /* WtNSUserDefaultsTests.m */,
				4FE077C7212AB0C900B5D518 /* WtUIViewTests.m */,
				B00234A7212B1464005D332C /* WtKVOTests.m */,
				B03719F123E9917B00925F4C /* WtTimerTests.m */,
				B0371F3E23F52C6800925F4C /* NSURL+WtExtension.m */,
			);
			path = Core;
			sourceTree = "<group>";
		};
		D626093B707FCAE02FD112D0 /* Pods */ = {
			isa = PBXGroup;
			children = (
				1E2EF47D9C14C8A2185F99EB /* Pods-WtCore_Example.debug.xcconfig */,
				115A024F700DC453378A560E /* Pods-WtCore_Example.release.xcconfig */,
				1C601573115B055ACD7EA5F4 /* Pods-WtCore_Tests.debug.xcconfig */,
				F8F45F305DAF92D6A023524A /* Pods-WtCore_Tests.release.xcconfig */,
			);
			name = Pods;
			sourceTree = "<group>";
		};
/* End PBXGroup section */

/* Begin PBXNativeTarget section */
		6003F589195388D20070C39A /* WtCore_Example */ = {
			isa = PBXNativeTarget;
			buildConfigurationList = 6003F5BF195388D20070C39A /* Build configuration list for PBXNativeTarget "WtCore_Example" */;
			buildPhases = (
				8BEE6221709B5EBCB57BDED8 /* [CP] Check Pods Manifest.lock */,
				6003F586195388D20070C39A /* Sources */,
				6003F587195388D20070C39A /* Frameworks */,
				6003F588195388D20070C39A /* Resources */,
				FCA14E4E7F6891124A5960A3 /* [CP] Embed Pods Frameworks */,
				B09CEF5A1FD832E1005DB472 /* ShellScript */,
			);
			buildRules = (
			);
			dependencies = (
			);
			name = WtCore_Example;
			productName = WtCore;
			productReference = 6003F58A195388D20070C39A /* WtCore_Example.app */;
			productType = "com.apple.product-type.application";
		};
		6003F5AD195388D20070C39A /* WtCore_Tests */ = {
			isa = PBXNativeTarget;
			buildConfigurationList = 6003F5C2195388D20070C39A /* Build configuration list for PBXNativeTarget "WtCore_Tests" */;
			buildPhases = (
				FA20C1479D0F63B955F4B67A /* [CP] Check Pods Manifest.lock */,
				6003F5AA195388D20070C39A /* Sources */,
				6003F5AB195388D20070C39A /* Frameworks */,
				6003F5AC195388D20070C39A /* Resources */,
			);
			buildRules = (
			);
			dependencies = (
				6003F5B4195388D20070C39A /* PBXTargetDependency */,
			);
			name = WtCore_Tests;
			productName = WtCoreTests;
			productReference = 6003F5AE195388D20070C39A /* WtCore_Tests.xctest */;
			productType = "com.apple.product-type.bundle.unit-test";
		};
/* End PBXNativeTarget section */

/* Begin PBXProject section */
		6003F582195388D10070C39A /* Project object */ = {
			isa = PBXProject;
			attributes = {
				CLASSPREFIX = Wt;
				LastUpgradeCheck = 0930;
				ORGANIZATIONNAME = JaonFanwt;
				TargetAttributes = {
					6003F589195388D20070C39A = {
						DevelopmentTeam = NK6PDUH485;
						LastSwiftMigration = 1010;
					};
					6003F5AD195388D20070C39A = {
						TestTargetID = 6003F589195388D20070C39A;
					};
				};
			};
			buildConfigurationList = 6003F585195388D10070C39A /* Build configuration list for PBXProject "WtCore" */;
			compatibilityVersion = "Xcode 3.2";
			developmentRegion = English;
			hasScannedForEncodings = 0;
			knownRegions = (
				English,
				en,
				Base,
			);
			mainGroup = 6003F581195388D10070C39A;
			productRefGroup = 6003F58B195388D20070C39A /* Products */;
			projectDirPath = "";
			projectRoot = "";
			targets = (
				6003F589195388D20070C39A /* WtCore_Example */,
				6003F5AD195388D20070C39A /* WtCore_Tests */,
			);
		};
/* End PBXProject section */

/* Begin PBXResourcesBuildPhase section */
		6003F588195388D20070C39A /* Resources */ = {
			isa = PBXResourcesBuildPhase;
			buildActionMask = 2147483647;
			files = (
				B093C9A02014317300EFB719 /* WtDemoUIViewController.xib in Resources */,
				0BFC9FEF201477DC0060F565 /* WtDemoAdditionalViewCell.xib in Resources */,
				873B8AEB1B1F5CCA007FD442 /* Main.storyboard in Resources */,
				B0721D2E1F67AEA100F71E94 /* WtDemoWattpadViewController.xib in Resources */,
				B05A21431F594BBF00FBB990 /* WtDemoWebViewController.xib in Resources */,
				0BFD019E1FE3E09400BFE94A /* WtDemoViewGlueController.xib in Resources */,
				71719F9F1E33DC2100824A3D /* LaunchScreen.storyboard in Resources */,
				B05A21481F5E8CE400FBB990 /* WtDemoCoreViewController.xib in Resources */,
				B0E0828520C3D0E70018B876 /* WtDemoTouchableViewController.xib in Resources */,
				B05A21391F59313900FBB990 /* WtDemoObserverViewController.xib in Resources */,
				0B814AD4204D2F3F009641C7 /* WtDemoHUDViewController.xib in Resources */,
				B05A21341F5909AC00FBB990 /* WtDemoDelegateProxyViewController.xib in Resources */,
				B093C9A22014317300EFB719 /* WtDemoUICutterViewController.xib in Resources */,
				B05A213E1F594AD800FBB990 /* WtDemoThunderWebViewController.xib in Resources */,
				6003F5A9195388D20070C39A /* Images.xcassets in Resources */,
				6003F598195388D20070C39A /* InfoPlist.strings in Resources */,
			);
			runOnlyForDeploymentPostprocessing = 0;
		};
		6003F5AC195388D20070C39A /* Resources */ = {
			isa = PBXResourcesBuildPhase;
			buildActionMask = 2147483647;
			files = (
				6003F5BA195388D20070C39A /* InfoPlist.strings in Resources */,
			);
			runOnlyForDeploymentPostprocessing = 0;
		};
/* End PBXResourcesBuildPhase section */

/* Begin PBXShellScriptBuildPhase section */
		8BEE6221709B5EBCB57BDED8 /* [CP] Check Pods Manifest.lock */ = {
			isa = PBXShellScriptBuildPhase;
			buildActionMask = 2147483647;
			files = (
			);
			inputPaths = (
				"${PODS_PODFILE_DIR_PATH}/Podfile.lock",
				"${PODS_ROOT}/Manifest.lock",
			);
			name = "[CP] Check Pods Manifest.lock";
			outputPaths = (
				"$(DERIVED_FILE_DIR)/Pods-WtCore_Example-checkManifestLockResult.txt",
			);
			runOnlyForDeploymentPostprocessing = 0;
			shellPath = /bin/sh;
			shellScript = "diff \"${PODS_PODFILE_DIR_PATH}/Podfile.lock\" \"${PODS_ROOT}/Manifest.lock\" > /dev/null\nif [ $? != 0 ] ; then\n    # print error to STDERR\n    echo \"error: The sandbox is not in sync with the Podfile.lock. Run 'pod install' or update your CocoaPods installation.\" >&2\n    exit 1\nfi\n# This output is used by Xcode 'outputs' to avoid re-running this script phase.\necho \"SUCCESS\" > \"${SCRIPT_OUTPUT_FILE_0}\"\n";
			showEnvVarsInLog = 0;
		};
		B09CEF5A1FD832E1005DB472 /* ShellScript */ = {
			isa = PBXShellScriptBuildPhase;
			buildActionMask = 2147483647;
			files = (
			);
			inputPaths = (
			);
			outputPaths = (
			);
			runOnlyForDeploymentPostprocessing = 0;
			shellPath = /bin/sh;
			shellScript = "if which swiftlint >/dev/null; then\n    swiftlint lint --path \"${SRCROOT}/..\"\nelse\n    echo \"warning: SwiftLint not installed, download from https://github.com/realm/SwiftLint\"\nfi\n";
		};
		FA20C1479D0F63B955F4B67A /* [CP] Check Pods Manifest.lock */ = {
			isa = PBXShellScriptBuildPhase;
			buildActionMask = 2147483647;
			files = (
			);
			inputPaths = (
				"${PODS_PODFILE_DIR_PATH}/Podfile.lock",
				"${PODS_ROOT}/Manifest.lock",
			);
			name = "[CP] Check Pods Manifest.lock";
			outputPaths = (
				"$(DERIVED_FILE_DIR)/Pods-WtCore_Tests-checkManifestLockResult.txt",
			);
			runOnlyForDeploymentPostprocessing = 0;
			shellPath = /bin/sh;
			shellScript = "diff \"${PODS_PODFILE_DIR_PATH}/Podfile.lock\" \"${PODS_ROOT}/Manifest.lock\" > /dev/null\nif [ $? != 0 ] ; then\n    # print error to STDERR\n    echo \"error: The sandbox is not in sync with the Podfile.lock. Run 'pod install' or update your CocoaPods installation.\" >&2\n    exit 1\nfi\n# This output is used by Xcode 'outputs' to avoid re-running this script phase.\necho \"SUCCESS\" > \"${SCRIPT_OUTPUT_FILE_0}\"\n";
			showEnvVarsInLog = 0;
		};
		FCA14E4E7F6891124A5960A3 /* [CP] Embed Pods Frameworks */ = {
			isa = PBXShellScriptBuildPhase;
			buildActionMask = 2147483647;
			files = (
			);
			inputPaths = (
				"${PODS_ROOT}/Target Support Files/Pods-WtCore_Example/Pods-WtCore_Example-frameworks.sh",
				"${BUILT_PRODUCTS_DIR}/FDFullscreenPopGesture/FDFullscreenPopGesture.framework",
				"${BUILT_PRODUCTS_DIR}/FLEX/FLEX.framework",
				"${BUILT_PRODUCTS_DIR}/KMCGeigerCounter/KMCGeigerCounter.framework",
				"${BUILT_PRODUCTS_DIR}/Masonry/Masonry.framework",
				"${BUILT_PRODUCTS_DIR}/SnapKit/SnapKit.framework",
				"${BUILT_PRODUCTS_DIR}/WtCore/WtCore.framework",
			);
			name = "[CP] Embed Pods Frameworks";
			outputPaths = (
				"${TARGET_BUILD_DIR}/${FRAMEWORKS_FOLDER_PATH}/FDFullscreenPopGesture.framework",
				"${TARGET_BUILD_DIR}/${FRAMEWORKS_FOLDER_PATH}/FLEX.framework",
				"${TARGET_BUILD_DIR}/${FRAMEWORKS_FOLDER_PATH}/KMCGeigerCounter.framework",
				"${TARGET_BUILD_DIR}/${FRAMEWORKS_FOLDER_PATH}/Masonry.framework",
				"${TARGET_BUILD_DIR}/${FRAMEWORKS_FOLDER_PATH}/SnapKit.framework",
				"${TARGET_BUILD_DIR}/${FRAMEWORKS_FOLDER_PATH}/WtCore.framework",
			);
			runOnlyForDeploymentPostprocessing = 0;
			shellPath = /bin/sh;
			shellScript = "\"${PODS_ROOT}/Target Support Files/Pods-WtCore_Example/Pods-WtCore_Example-frameworks.sh\"\n";
			showEnvVarsInLog = 0;
		};
/* End PBXShellScriptBuildPhase section */

/* Begin PBXSourcesBuildPhase section */
		6003F586195388D20070C39A /* Sources */ = {
			isa = PBXSourcesBuildPhase;
			buildActionMask = 2147483647;
			files = (
				B093C99F2014317300EFB719 /* WtDemoUIViewController.m in Sources */,
				B05A21331F5909AC00FBB990 /* WtDemoDelegateProxyViewController.m in Sources */,
				B05A21411F594B6D00FBB990 /* WtDemoWebViewController.m in Sources */,
				0BFC9FF5201478650060F565 /* WtDemoAdditionalViewGlue.m in Sources */,
				0B814AD3204D2F3F009641C7 /* WtDemoHUDViewController.m in Sources */,
				0BFD019D1FE3E09400BFE94A /* WtDemoViewGlueController.swift in Sources */,
				B0721D2C1F67ADC800F71E94 /* WtDemoWattpadViewController.swift in Sources */,
				B093C9A12014317300EFB719 /* WtDemoUICutterViewController.m in Sources */,
				B05A213D1F594AD800FBB990 /* WtDemoThunderWebViewController.m in Sources */,
				0BFD019A1FE3E04F00BFE94A /* WtDemoCellGlueSwift.swift in Sources */,
				B0E0828420C3D0E70018B876 /* WtDemoTouchableViewController.m in Sources */,
				6003F59E195388D20070C39A /* WtAppDelegate.m in Sources */,
				B05A21381F59313900FBB990 /* WtDemoObserverViewController.m in Sources */,
				B093C9972010F17300EFB719 /* WtDemoUICutterGlue.m in Sources */,
				0BFC9FED2014751D0060F565 /* WtDemoAdditionalView.m in Sources */,
				6003F5A7195388D20070C39A /* WtViewController.m in Sources */,
				B05A212A1F59026100FBB990 /* WtDemoCellGlue.m in Sources */,
				6003F59A195388D20070C39A /* main.m in Sources */,
				B05A21471F5E8CE400FBB990 /* WtDemoCoreViewController.m in Sources */,
			);
			runOnlyForDeploymentPostprocessing = 0;
		};
		6003F5AA195388D20070C39A /* Sources */ = {
			isa = PBXSourcesBuildPhase;
			buildActionMask = 2147483647;
			files = (
				4F3A6E972202F3DD00388533 /* WtDebugToolsTest.m in Sources */,
				B03719F223E9917B00925F4C /* WtTimerTests.m in Sources */,
				B0E5B0672129783F0052A6E0 /* WtNSUserDefaultsTests.m in Sources */,
				4FE077C8212AB0C900B5D518 /* WtUIViewTests.m in Sources */,
				B00234A8212B1464005D332C /* WtKVOTests.m in Sources */,
				B0371F3F23F52C6800925F4C /* NSURL+WtExtension.m in Sources */,
			);
			runOnlyForDeploymentPostprocessing = 0;
		};
/* End PBXSourcesBuildPhase section */

/* Begin PBXTargetDependency section */
		6003F5B4195388D20070C39A /* PBXTargetDependency */ = {
			isa = PBXTargetDependency;
			target = 6003F589195388D20070C39A /* WtCore_Example */;
			targetProxy = 6003F5B3195388D20070C39A /* PBXContainerItemProxy */;
		};
/* End PBXTargetDependency section */

/* Begin PBXVariantGroup section */
		6003F596195388D20070C39A /* InfoPlist.strings */ = {
			isa = PBXVariantGroup;
			children = (
				6003F597195388D20070C39A /* en */,
			);
			name = InfoPlist.strings;
			sourceTree = "<group>";
		};
		6003F5B8195388D20070C39A /* InfoPlist.strings */ = {
			isa = PBXVariantGroup;
			children = (
				6003F5B9195388D20070C39A /* en */,
			);
			name = InfoPlist.strings;
			sourceTree = "<group>";
		};
		71719F9D1E33DC2100824A3D /* LaunchScreen.storyboard */ = {
			isa = PBXVariantGroup;
			children = (
				71719F9E1E33DC2100824A3D /* Base */,
			);
			name = LaunchScreen.storyboard;
			sourceTree = "<group>";
		};
/* End PBXVariantGroup section */

/* Begin XCBuildConfiguration section */
		6003F5BD195388D20070C39A /* Debug */ = {
			isa = XCBuildConfiguration;
			buildSettings = {
				ALWAYS_SEARCH_USER_PATHS = NO;
				CLANG_CXX_LANGUAGE_STANDARD = "gnu++0x";
				CLANG_CXX_LIBRARY = "libc++";
				CLANG_ENABLE_MODULES = YES;
				CLANG_ENABLE_OBJC_ARC = YES;
				CLANG_WARN_BLOCK_CAPTURE_AUTORELEASING = YES;
				CLANG_WARN_BOOL_CONVERSION = YES;
				CLANG_WARN_COMMA = YES;
				CLANG_WARN_CONSTANT_CONVERSION = YES;
				CLANG_WARN_DEPRECATED_OBJC_IMPLEMENTATIONS = YES;
				CLANG_WARN_DIRECT_OBJC_ISA_USAGE = YES_ERROR;
				CLANG_WARN_EMPTY_BODY = YES;
				CLANG_WARN_ENUM_CONVERSION = YES;
				CLANG_WARN_INFINITE_RECURSION = YES;
				CLANG_WARN_INT_CONVERSION = YES;
				CLANG_WARN_NON_LITERAL_NULL_CONVERSION = YES;
				CLANG_WARN_OBJC_IMPLICIT_RETAIN_SELF = YES;
				CLANG_WARN_OBJC_LITERAL_CONVERSION = YES;
				CLANG_WARN_OBJC_ROOT_CLASS = YES_ERROR;
				CLANG_WARN_RANGE_LOOP_ANALYSIS = YES;
				CLANG_WARN_STRICT_PROTOTYPES = YES;
				CLANG_WARN_SUSPICIOUS_MOVE = YES;
				CLANG_WARN_UNREACHABLE_CODE = YES;
				CLANG_WARN__DUPLICATE_METHOD_MATCH = YES;
				"CODE_SIGN_IDENTITY[sdk=iphoneos*]" = "iPhone Developer";
				COPY_PHASE_STRIP = NO;
				ENABLE_STRICT_OBJC_MSGSEND = YES;
				ENABLE_TESTABILITY = YES;
				GCC_C_LANGUAGE_STANDARD = gnu99;
				GCC_DYNAMIC_NO_PIC = NO;
				GCC_NO_COMMON_BLOCKS = YES;
				GCC_OPTIMIZATION_LEVEL = 0;
				GCC_PREPROCESSOR_DEFINITIONS = (
					"DEBUG=1",
					"$(inherited)",
				);
				GCC_SYMBOLS_PRIVATE_EXTERN = NO;
				GCC_WARN_64_TO_32_BIT_CONVERSION = YES;
				GCC_WARN_ABOUT_RETURN_TYPE = YES_ERROR;
				GCC_WARN_UNDECLARED_SELECTOR = YES;
				GCC_WARN_UNINITIALIZED_AUTOS = YES_AGGRESSIVE;
				GCC_WARN_UNUSED_FUNCTION = YES;
				GCC_WARN_UNUSED_VARIABLE = YES;
				IPHONEOS_DEPLOYMENT_TARGET = 8.3;
				ONLY_ACTIVE_ARCH = YES;
				SDKROOT = iphoneos;
				SWIFT_VERSION = 4.0;
				TARGETED_DEVICE_FAMILY = "1,2";
			};
			name = Debug;
		};
		6003F5BE195388D20070C39A /* Release */ = {
			isa = XCBuildConfiguration;
			buildSettings = {
				ALWAYS_SEARCH_USER_PATHS = NO;
				CLANG_CXX_LANGUAGE_STANDARD = "gnu++0x";
				CLANG_CXX_LIBRARY = "libc++";
				CLANG_ENABLE_MODULES = YES;
				CLANG_ENABLE_OBJC_ARC = YES;
				CLANG_WARN_BLOCK_CAPTURE_AUTORELEASING = YES;
				CLANG_WARN_BOOL_CONVERSION = YES;
				CLANG_WARN_COMMA = YES;
				CLANG_WARN_CONSTANT_CONVERSION = YES;
				CLANG_WARN_DEPRECATED_OBJC_IMPLEMENTATIONS = YES;
				CLANG_WARN_DIRECT_OBJC_ISA_USAGE = YES_ERROR;
				CLANG_WARN_EMPTY_BODY = YES;
				CLANG_WARN_ENUM_CONVERSION = YES;
				CLANG_WARN_INFINITE_RECURSION = YES;
				CLANG_WARN_INT_CONVERSION = YES;
				CLANG_WARN_NON_LITERAL_NULL_CONVERSION = YES;
				CLANG_WARN_OBJC_IMPLICIT_RETAIN_SELF = YES;
				CLANG_WARN_OBJC_LITERAL_CONVERSION = YES;
				CLANG_WARN_OBJC_ROOT_CLASS = YES_ERROR;
				CLANG_WARN_RANGE_LOOP_ANALYSIS = YES;
				CLANG_WARN_STRICT_PROTOTYPES = YES;
				CLANG_WARN_SUSPICIOUS_MOVE = YES;
				CLANG_WARN_UNREACHABLE_CODE = YES;
				CLANG_WARN__DUPLICATE_METHOD_MATCH = YES;
				"CODE_SIGN_IDENTITY[sdk=iphoneos*]" = "iPhone Developer";
				COPY_PHASE_STRIP = YES;
				ENABLE_NS_ASSERTIONS = NO;
				ENABLE_STRICT_OBJC_MSGSEND = YES;
				GCC_C_LANGUAGE_STANDARD = gnu99;
				GCC_NO_COMMON_BLOCKS = YES;
				GCC_WARN_64_TO_32_BIT_CONVERSION = YES;
				GCC_WARN_ABOUT_RETURN_TYPE = YES_ERROR;
				GCC_WARN_UNDECLARED_SELECTOR = YES;
				GCC_WARN_UNINITIALIZED_AUTOS = YES_AGGRESSIVE;
				GCC_WARN_UNUSED_FUNCTION = YES;
				GCC_WARN_UNUSED_VARIABLE = YES;
				IPHONEOS_DEPLOYMENT_TARGET = 8.3;
				SDKROOT = iphoneos;
				SWIFT_COMPILATION_MODE = wholemodule;
				SWIFT_VERSION = 4.0;
				TARGETED_DEVICE_FAMILY = "1,2";
				VALIDATE_PRODUCT = YES;
			};
			name = Release;
		};
		6003F5C0195388D20070C39A /* Debug */ = {
			isa = XCBuildConfiguration;
			baseConfigurationReference = 1E2EF47D9C14C8A2185F99EB /* Pods-WtCore_Example.debug.xcconfig */;
			buildSettings = {
				ASSETCATALOG_COMPILER_APPICON_NAME = AppIcon;
				CLANG_ENABLE_MODULES = YES;
				DEVELOPMENT_TEAM = NK6PDUH485;
				GCC_PRECOMPILE_PREFIX_HEADER = YES;
				GCC_PREFIX_HEADER = "WtCore/WtCore-Prefix.pch";
				INFOPLIST_FILE = "WtCore/WtCore-Info.plist";
				IPHONEOS_DEPLOYMENT_TARGET = 8.0;
				LD_RUNPATH_SEARCH_PATHS = "$(inherited) @executable_path/Frameworks";
				MODULE_NAME = ExampleApp;
				PRODUCT_BUNDLE_IDENTIFIER = "org.cocoapods.demo.${PRODUCT_NAME:rfc1034identifier}";
				PRODUCT_NAME = "$(TARGET_NAME)";
				SWIFT_OBJC_BRIDGING_HEADER = "WtCore/Classes/ViewControllers/WtCore_Example-Bridging-Header.h";
				SWIFT_OPTIMIZATION_LEVEL = "-Onone";
				SWIFT_VERSION = 4.2;
				WRAPPER_EXTENSION = app;
			};
			name = Debug;
		};
		6003F5C1195388D20070C39A /* Release */ = {
			isa = XCBuildConfiguration;
			baseConfigurationReference = 115A024F700DC453378A560E /* Pods-WtCore_Example.release.xcconfig */;
			buildSettings = {
				ASSETCATALOG_COMPILER_APPICON_NAME = AppIcon;
				CLANG_ENABLE_MODULES = YES;
				DEVELOPMENT_TEAM = NK6PDUH485;
				GCC_PRECOMPILE_PREFIX_HEADER = YES;
				GCC_PREFIX_HEADER = "WtCore/WtCore-Prefix.pch";
				INFOPLIST_FILE = "WtCore/WtCore-Info.plist";
				IPHONEOS_DEPLOYMENT_TARGET = 8.0;
				LD_RUNPATH_SEARCH_PATHS = "$(inherited) @executable_path/Frameworks";
				MODULE_NAME = ExampleApp;
				PRODUCT_BUNDLE_IDENTIFIER = "org.cocoapods.demo.${PRODUCT_NAME:rfc1034identifier}";
				PRODUCT_NAME = "$(TARGET_NAME)";
				SWIFT_OBJC_BRIDGING_HEADER = "WtCore/Classes/ViewControllers/WtCore_Example-Bridging-Header.h";
				SWIFT_VERSION = 4.2;
				WRAPPER_EXTENSION = app;
			};
			name = Release;
		};
		6003F5C3195388D20070C39A /* Debug */ = {
			isa = XCBuildConfiguration;
			baseConfigurationReference = 1C601573115B055ACD7EA5F4 /* Pods-WtCore_Tests.debug.xcconfig */;
			buildSettings = {
				ALWAYS_EMBED_SWIFT_STANDARD_LIBRARIES = YES;
				BUNDLE_LOADER = "$(TEST_HOST)";
				FRAMEWORK_SEARCH_PATHS = (
					"$(SDKROOT)/Developer/Library/Frameworks",
					"$(inherited)",
					"$(DEVELOPER_FRAMEWORKS_DIR)",
				);
				GCC_PRECOMPILE_PREFIX_HEADER = YES;
				GCC_PREFIX_HEADER = "Tests/Tests-Prefix.pch";
				GCC_PREPROCESSOR_DEFINITIONS = (
					"DEBUG=1",
					"$(inherited)",
				);
				INFOPLIST_FILE = "Tests/Tests-Info.plist";
				PRODUCT_BUNDLE_IDENTIFIER = "org.cocoapods.demo.${PRODUCT_NAME:rfc1034identifier}";
				PRODUCT_NAME = "$(TARGET_NAME)";
				SWIFT_VERSION = "";
				TEST_HOST = "$(BUILT_PRODUCTS_DIR)/WtCore_Example.app/WtCore_Example";
				WRAPPER_EXTENSION = xctest;
			};
			name = Debug;
		};
		6003F5C4195388D20070C39A /* Release */ = {
			isa = XCBuildConfiguration;
			baseConfigurationReference = F8F45F305DAF92D6A023524A /* Pods-WtCore_Tests.release.xcconfig */;
			buildSettings = {
				ALWAYS_EMBED_SWIFT_STANDARD_LIBRARIES = YES;
				BUNDLE_LOADER = "$(TEST_HOST)";
				FRAMEWORK_SEARCH_PATHS = (
					"$(SDKROOT)/Developer/Library/Frameworks",
					"$(inherited)",
					"$(DEVELOPER_FRAMEWORKS_DIR)",
				);
				GCC_PRECOMPILE_PREFIX_HEADER = YES;
				GCC_PREFIX_HEADER = "Tests/Tests-Prefix.pch";
				INFOPLIST_FILE = "Tests/Tests-Info.plist";
				PRODUCT_BUNDLE_IDENTIFIER = "org.cocoapods.demo.${PRODUCT_NAME:rfc1034identifier}";
				PRODUCT_NAME = "$(TARGET_NAME)";
				SWIFT_VERSION = "";
				TEST_HOST = "$(BUILT_PRODUCTS_DIR)/WtCore_Example.app/WtCore_Example";
				WRAPPER_EXTENSION = xctest;
			};
			name = Release;
		};
/* End XCBuildConfiguration section */

/* Begin XCConfigurationList section */
		6003F585195388D10070C39A /* Build configuration list for PBXProject "WtCore" */ = {
			isa = XCConfigurationList;
			buildConfigurations = (
				6003F5BD195388D20070C39A /* Debug */,
				6003F5BE195388D20070C39A /* Release */,
			);
			defaultConfigurationIsVisible = 0;
			defaultConfigurationName = Release;
		};
		6003F5BF195388D20070C39A /* Build configuration list for PBXNativeTarget "WtCore_Example" */ = {
			isa = XCConfigurationList;
			buildConfigurations = (
				6003F5C0195388D20070C39A /* Debug */,
				6003F5C1195388D20070C39A /* Release */,
			);
			defaultConfigurationIsVisible = 0;
			defaultConfigurationName = Release;
		};
		6003F5C2195388D20070C39A /* Build configuration list for PBXNativeTarget "WtCore_Tests" */ = {
			isa = XCConfigurationList;
			buildConfigurations = (
				6003F5C3195388D20070C39A /* Debug */,
				6003F5C4195388D20070C39A /* Release */,
			);
			defaultConfigurationIsVisible = 0;
			defaultConfigurationName = Release;
		};
/* End XCConfigurationList section */
	};
	rootObject = 6003F582195388D10070C39A /* Project object */;
}
